
Microsoft Visual Studio Solution File, Format Version 12.00
# Visual Studio Version 16
VisualStudioVersion = 16.0.30907.101
MinimumVisualStudioVersion = 10.0.40219.1
Project("{FAE04EC0-301F-11D3-BF4B-00C04F79EFBC}") = "TEST", "TEST\TEST.csproj", "{358CA202-F14F-4E5B-98C8-CBE9F9C4EFE0}"
EndProject
Global
	GlobalSection(SolutionConfigurationPlatforms) = preSolution
		Debug|Any CPU = Debug|Any CPU
		Release|Any CPU = Release|Any CPU
	EndGlobalSection
	GlobalSection(ProjectConfigurationPlatforms) = postSolution
		{358CA202-F14F-4E5B-98C8-CBE9F9C4EFE0}.Debug|Any CPU.ActiveCfg = Debug|Any CPU
		{358CA202-F14F-4E5B-98C8-CBE9F9C4EFE0}.Debug|Any CPU.Build.0 = Debug|Any CPU
		{358CA202-F14F-4E5B-98C8-CBE9F9C4EFE0}.Release|Any CPU.ActiveCfg = Release|Any CPU
		{358CA202-F14F-4E5B-98C8-CBE9F9C4EFE0}.Release|Any CPU.Build.0 = Release|Any CPU
	EndGlobalSection
	GlobalSection(SolutionProperties) = preSolution
		HideSolutionNode = FALSE
	EndGlobalSection
	GlobalSection(ExtensibilityGlobals) = postSolution
		SolutionGuid = {78D59EAE-BC44-4E83-822F-079CD7043285}
	EndGlobalSection
EndGlobal
